
Microsoft Visual Studio Solution File, Format Version 12.00
# Visual Studio Version 17
VisualStudioVersion = 17.8.34525.116
MinimumVisualStudioVersion = 10.0.40219.1
Project("{2150E333-8FDC-42A3-9474-1A3956D46DE8}") = "Services", "Services", "{05A58CF0-1BD2-442C-B9F5-F9CA790662C6}"
EndProject
Project("{2150E333-8FDC-42A3-9474-1A3956D46DE8}") = "Catalog", "Catalog", "{1FDFB3ED-D38C-4908-859C-9A201BBA2B90}"
EndProject
Project("{9A19103F-16F7-4668-BE54-9A1E7A4F7556}") = "ECommerce.Services.Catalog", "Services\Catalog\Services.Catalog\ECommerce.Services.Catalog.csproj", "{654CB00C-034F-4A8A-8651-BE97358028EB}"
EndProject
Project("{2150E333-8FDC-42A3-9474-1A3956D46DE8}") = "Solution Items", "Solution Items", "{16192039-C167-4D88-9ABB-FE4D56082CA5}"
	ProjectSection(SolutionItems) = preProject
		Ports.txt = Ports.txt
	EndProjectSection
EndProject
Project("{2150E333-8FDC-42A3-9474-1A3956D46DE8}") = "Shared", "Shared", "{AB8D138C-C0F4-462A-8410-798A6E68EFA3}"
EndProject
Project("{9A19103F-16F7-4668-BE54-9A1E7A4F7556}") = "SharedLib", "Shared\SharedLib\SharedLib.csproj", "{C6430F8A-CD14-4415-BB8F-229C24D7C7F1}"
EndProject
Project("{2150E333-8FDC-42A3-9474-1A3956D46DE8}") = "IdentityServer", "IdentityServer", "{1BF47C97-B60B-4FCC-9F80-1C17392D6C4F}"
EndProject
Project("{9A19103F-16F7-4668-BE54-9A1E7A4F7556}") = "ECommerce.IdentityServer", "IdentityServer\ECommerce.IdentityServer\ECommerce.IdentityServer.csproj", "{AFC0E1B0-1F23-46AE-9DB6-A51C9A44F3FC}"
EndProject
Project("{2150E333-8FDC-42A3-9474-1A3956D46DE8}") = "PhotoStock", "PhotoStock", "{17506E3F-688A-439D-B3AC-D7885345AA22}"
EndProject
Project("{9A19103F-16F7-4668-BE54-9A1E7A4F7556}") = "ECommerce.Services.PhotoStock", "Services\PhotoStock\Services.PhotoStock\ECommerce.Services.PhotoStock.csproj", "{AAFFB78F-5943-4D29-9C7E-36B6A34B3189}"
EndProject
Project("{2150E333-8FDC-42A3-9474-1A3956D46DE8}") = "Basket", "Basket", "{B74C5FE8-76AD-4BD0-B035-E98964FB82E1}"
EndProject
Project("{9A19103F-16F7-4668-BE54-9A1E7A4F7556}") = "ECommerce.Services.Basket", "Services\Basket\Services.Basket\ECommerce.Services.Basket.csproj", "{D384340D-5835-4D89-95FD-474F480F08D0}"
EndProject
Project("{2150E333-8FDC-42A3-9474-1A3956D46DE8}") = "Discount", "Discount", "{5860C5BD-021C-42F1-9A7A-22D25AB94175}"
EndProject
Project("{9A19103F-16F7-4668-BE54-9A1E7A4F7556}") = "ECommerce.Services.Discount", "Services\Discount\ECommerce.Services.Discount\ECommerce.Services.Discount.csproj", "{7BA92FC0-792A-4C19-97B0-C82BFADE075D}"
EndProject
Project("{2150E333-8FDC-42A3-9474-1A3956D46DE8}") = "Order", "Order", "{9B28C953-758A-4347-972E-637FF9E61F1B}"
EndProject
Project("{9A19103F-16F7-4668-BE54-9A1E7A4F7556}") = "ECommerce.Services.Order.API", "Services\Order\ECommerce.Services.Order.API\ECommerce.Services.Order.API.csproj", "{79F1A730-1D85-4D66-9FB1-4B4F67AAB674}"
EndProject
Project("{9A19103F-16F7-4668-BE54-9A1E7A4F7556}") = "ECommerce.Services.Order.Application", "Services\Order\ECommerce.Services.Order.Application\ECommerce.Services.Order.Application.csproj", "{FF2C8F78-D097-4248-9D9A-94916F16F0BA}"
EndProject
Project("{9A19103F-16F7-4668-BE54-9A1E7A4F7556}") = "ECommerce.Services.Order.Domain", "Services\Order\ECommerce.Services.Order.Domain\ECommerce.Services.Order.Domain.csproj", "{EBB19144-F94D-4325-A85D-431546C7AA34}"
EndProject
Project("{9A19103F-16F7-4668-BE54-9A1E7A4F7556}") = "ECommerce.Services.Order.Domain.Core", "Services\Order\ECommerce.Services.Order.Domain.Core\ECommerce.Services.Order.Domain.Core.csproj", "{C0AFB057-57BD-4EE3-BF79-98500F0422DA}"
EndProject
Project("{9A19103F-16F7-4668-BE54-9A1E7A4F7556}") = "ECommerce.Services.Order.Infrastructure", "Services\Order\ECommerce.Services.Order.Infrastructure\ECommerce.Services.Order.Infrastructure.csproj", "{35F1756E-ADBD-4855-91E3-85FEAFB10652}"
EndProject
Project("{2150E333-8FDC-42A3-9474-1A3956D46DE8}") = "Payment", "Payment", "{83E5D0D0-BC74-4DE4-B2FB-AC2FBBAD8FEE}"
EndProject
Project("{FAE04EC0-301F-11D3-BF4B-00C04F79EFBC}") = "ECommerce.Services.Payment", "Services\Payment\ECommerce.Services.Payment\ECommerce.Services.Payment.csproj", "{F848FAE4-D22A-4DC1-8748-7B857DDCCA8D}"
EndProject
Project("{2150E333-8FDC-42A3-9474-1A3956D46DE8}") = "Gateways", "Gateways", "{18CBD9AF-CF47-4D2F-80C5-E28FB6EE0CD8}"
EndProject
Project("{FAE04EC0-301F-11D3-BF4B-00C04F79EFBC}") = "ECommerce.Gateway", "Gateways\ECommerceGateway\ECommerce.Gateway.csproj", "{A8F49432-9837-41B4-935E-C3FB9A78537A}"
EndProject
Global
	GlobalSection(SolutionConfigurationPlatforms) = preSolution
		Debug|Any CPU = Debug|Any CPU
		Release|Any CPU = Release|Any CPU
	EndGlobalSection
	GlobalSection(ProjectConfigurationPlatforms) = postSolution
		{654CB00C-034F-4A8A-8651-BE97358028EB}.Debug|Any CPU.ActiveCfg = Debug|Any CPU
		{654CB00C-034F-4A8A-8651-BE97358028EB}.Debug|Any CPU.Build.0 = Debug|Any CPU
		{654CB00C-034F-4A8A-8651-BE97358028EB}.Release|Any CPU.ActiveCfg = Release|Any CPU
		{654CB00C-034F-4A8A-8651-BE97358028EB}.Release|Any CPU.Build.0 = Release|Any CPU
		{C6430F8A-CD14-4415-BB8F-229C24D7C7F1}.Debug|Any CPU.ActiveCfg = Debug|Any CPU
		{C6430F8A-CD14-4415-BB8F-229C24D7C7F1}.Debug|Any CPU.Build.0 = Debug|Any CPU
		{C6430F8A-CD14-4415-BB8F-229C24D7C7F1}.Release|Any CPU.ActiveCfg = Release|Any CPU
		{C6430F8A-CD14-4415-BB8F-229C24D7C7F1}.Release|Any CPU.Build.0 = Release|Any CPU
		{AFC0E1B0-1F23-46AE-9DB6-A51C9A44F3FC}.Debug|Any CPU.ActiveCfg = Debug|Any CPU
		{AFC0E1B0-1F23-46AE-9DB6-A51C9A44F3FC}.Debug|Any CPU.Build.0 = Debug|Any CPU
		{AFC0E1B0-1F23-46AE-9DB6-A51C9A44F3FC}.Release|Any CPU.ActiveCfg = Release|Any CPU
		{AFC0E1B0-1F23-46AE-9DB6-A51C9A44F3FC}.Release|Any CPU.Build.0 = Release|Any CPU
		{AAFFB78F-5943-4D29-9C7E-36B6A34B3189}.Debug|Any CPU.ActiveCfg = Debug|Any CPU
		{AAFFB78F-5943-4D29-9C7E-36B6A34B3189}.Debug|Any CPU.Build.0 = Debug|Any CPU
		{AAFFB78F-5943-4D29-9C7E-36B6A34B3189}.Release|Any CPU.ActiveCfg = Release|Any CPU
		{AAFFB78F-5943-4D29-9C7E-36B6A34B3189}.Release|Any CPU.Build.0 = Release|Any CPU
		{D384340D-5835-4D89-95FD-474F480F08D0}.Debug|Any CPU.ActiveCfg = Debug|Any CPU
		{D384340D-5835-4D89-95FD-474F480F08D0}.Debug|Any CPU.Build.0 = Debug|Any CPU
		{D384340D-5835-4D89-95FD-474F480F08D0}.Release|Any CPU.ActiveCfg = Release|Any CPU
		{D384340D-5835-4D89-95FD-474F480F08D0}.Release|Any CPU.Build.0 = Release|Any CPU
		{7BA92FC0-792A-4C19-97B0-C82BFADE075D}.Debug|Any CPU.ActiveCfg = Debug|Any CPU
		{7BA92FC0-792A-4C19-97B0-C82BFADE075D}.Debug|Any CPU.Build.0 = Debug|Any CPU
		{7BA92FC0-792A-4C19-97B0-C82BFADE075D}.Release|Any CPU.ActiveCfg = Release|Any CPU
		{7BA92FC0-792A-4C19-97B0-C82BFADE075D}.Release|Any CPU.Build.0 = Release|Any CPU
		{79F1A730-1D85-4D66-9FB1-4B4F67AAB674}.Debug|Any CPU.ActiveCfg = Debug|Any CPU
		{79F1A730-1D85-4D66-9FB1-4B4F67AAB674}.Debug|Any CPU.Build.0 = Debug|Any CPU
		{79F1A730-1D85-4D66-9FB1-4B4F67AAB674}.Release|Any CPU.ActiveCfg = Release|Any CPU
		{79F1A730-1D85-4D66-9FB1-4B4F67AAB674}.Release|Any CPU.Build.0 = Release|Any CPU
		{FF2C8F78-D097-4248-9D9A-94916F16F0BA}.Debug|Any CPU.ActiveCfg = Debug|Any CPU
		{FF2C8F78-D097-4248-9D9A-94916F16F0BA}.Debug|Any CPU.Build.0 = Debug|Any CPU
		{FF2C8F78-D097-4248-9D9A-94916F16F0BA}.Release|Any CPU.ActiveCfg = Release|Any CPU
		{FF2C8F78-D097-4248-9D9A-94916F16F0BA}.Release|Any CPU.Build.0 = Release|Any CPU
		{EBB19144-F94D-4325-A85D-431546C7AA34}.Debug|Any CPU.ActiveCfg = Debug|Any CPU
		{EBB19144-F94D-4325-A85D-431546C7AA34}.Debug|Any CPU.Build.0 = Debug|Any CPU
		{EBB19144-F94D-4325-A85D-431546C7AA34}.Release|Any CPU.ActiveCfg = Release|Any CPU
		{EBB19144-F94D-4325-A85D-431546C7AA34}.Release|Any CPU.Build.0 = Release|Any CPU
		{C0AFB057-57BD-4EE3-BF79-98500F0422DA}.Debug|Any CPU.ActiveCfg = Debug|Any CPU
		{C0AFB057-57BD-4EE3-BF79-98500F0422DA}.Debug|Any CPU.Build.0 = Debug|Any CPU
		{C0AFB057-57BD-4EE3-BF79-98500F0422DA}.Release|Any CPU.ActiveCfg = Release|Any CPU
		{C0AFB057-57BD-4EE3-BF79-98500F0422DA}.Release|Any CPU.Build.0 = Release|Any CPU
		{35F1756E-ADBD-4855-91E3-85FEAFB10652}.Debug|Any CPU.ActiveCfg = Debug|Any CPU
		{35F1756E-ADBD-4855-91E3-85FEAFB10652}.Debug|Any CPU.Build.0 = Debug|Any CPU
		{35F1756E-ADBD-4855-91E3-85FEAFB10652}.Release|Any CPU.ActiveCfg = Release|Any CPU
		{35F1756E-ADBD-4855-91E3-85FEAFB10652}.Release|Any CPU.Build.0 = Release|Any CPU
		{F848FAE4-D22A-4DC1-8748-7B857DDCCA8D}.Debug|Any CPU.ActiveCfg = Debug|Any CPU
		{F848FAE4-D22A-4DC1-8748-7B857DDCCA8D}.Debug|Any CPU.Build.0 = Debug|Any CPU
		{F848FAE4-D22A-4DC1-8748-7B857DDCCA8D}.Release|Any CPU.ActiveCfg = Release|Any CPU
		{F848FAE4-D22A-4DC1-8748-7B857DDCCA8D}.Release|Any CPU.Build.0 = Release|Any CPU
		{A8F49432-9837-41B4-935E-C3FB9A78537A}.Debug|Any CPU.ActiveCfg = Debug|Any CPU
		{A8F49432-9837-41B4-935E-C3FB9A78537A}.Debug|Any CPU.Build.0 = Debug|Any CPU
		{A8F49432-9837-41B4-935E-C3FB9A78537A}.Release|Any CPU.ActiveCfg = Release|Any CPU
		{A8F49432-9837-41B4-935E-C3FB9A78537A}.Release|Any CPU.Build.0 = Release|Any CPU
	EndGlobalSection
	GlobalSection(SolutionProperties) = preSolution
		HideSolutionNode = FALSE
	EndGlobalSection
	GlobalSection(NestedProjects) = preSolution
		{1FDFB3ED-D38C-4908-859C-9A201BBA2B90} = {05A58CF0-1BD2-442C-B9F5-F9CA790662C6}
		{654CB00C-034F-4A8A-8651-BE97358028EB} = {1FDFB3ED-D38C-4908-859C-9A201BBA2B90}
		{C6430F8A-CD14-4415-BB8F-229C24D7C7F1} = {AB8D138C-C0F4-462A-8410-798A6E68EFA3}
		{AFC0E1B0-1F23-46AE-9DB6-A51C9A44F3FC} = {1BF47C97-B60B-4FCC-9F80-1C17392D6C4F}
		{17506E3F-688A-439D-B3AC-D7885345AA22} = {05A58CF0-1BD2-442C-B9F5-F9CA790662C6}
		{AAFFB78F-5943-4D29-9C7E-36B6A34B3189} = {17506E3F-688A-439D-B3AC-D7885345AA22}
		{B74C5FE8-76AD-4BD0-B035-E98964FB82E1} = {05A58CF0-1BD2-442C-B9F5-F9CA790662C6}
		{D384340D-5835-4D89-95FD-474F480F08D0} = {B74C5FE8-76AD-4BD0-B035-E98964FB82E1}
		{5860C5BD-021C-42F1-9A7A-22D25AB94175} = {05A58CF0-1BD2-442C-B9F5-F9CA790662C6}
		{7BA92FC0-792A-4C19-97B0-C82BFADE075D} = {5860C5BD-021C-42F1-9A7A-22D25AB94175}
		{9B28C953-758A-4347-972E-637FF9E61F1B} = {05A58CF0-1BD2-442C-B9F5-F9CA790662C6}
		{79F1A730-1D85-4D66-9FB1-4B4F67AAB674} = {9B28C953-758A-4347-972E-637FF9E61F1B}
		{FF2C8F78-D097-4248-9D9A-94916F16F0BA} = {9B28C953-758A-4347-972E-637FF9E61F1B}
		{EBB19144-F94D-4325-A85D-431546C7AA34} = {9B28C953-758A-4347-972E-637FF9E61F1B}
		{C0AFB057-57BD-4EE3-BF79-98500F0422DA} = {9B28C953-758A-4347-972E-637FF9E61F1B}
		{35F1756E-ADBD-4855-91E3-85FEAFB10652} = {9B28C953-758A-4347-972E-637FF9E61F1B}
		{83E5D0D0-BC74-4DE4-B2FB-AC2FBBAD8FEE} = {05A58CF0-1BD2-442C-B9F5-F9CA790662C6}
		{F848FAE4-D22A-4DC1-8748-7B857DDCCA8D} = {83E5D0D0-BC74-4DE4-B2FB-AC2FBBAD8FEE}
		{A8F49432-9837-41B4-935E-C3FB9A78537A} = {18CBD9AF-CF47-4D2F-80C5-E28FB6EE0CD8}
	EndGlobalSection
	GlobalSection(ExtensibilityGlobals) = postSolution
		SolutionGuid = {40E3EC32-9EF7-4444-878A-39452727B1F4}
	EndGlobalSection
EndGlobal
