
Microsoft Visual Studio Solution File, Format Version 12.00
# Visual Studio Version 17
VisualStudioVersion = 17.8.34525.116
MinimumVisualStudioVersion = 10.0.40219.1
Project("{2150E333-8FDC-42A3-9474-1A3956D46DE8}") = "Services", "Services", "{05A58CF0-1BD2-442C-B9F5-F9CA790662C6}"
EndProject
Project("{2150E333-8FDC-42A3-9474-1A3956D46DE8}") = "Catalog", "Catalog", "{1FDFB3ED-D38C-4908-859C-9A201BBA2B90}"
EndProject
Project("{9A19103F-16F7-4668-BE54-9A1E7A4F7556}") = "ECommerce.Services.Catalog", "Services\Catalog\Services.Catalog\ECommerce.Services.Catalog.csproj", "{654CB00C-034F-4A8A-8651-BE97358028EB}"
EndProject
Project("{2150E333-8FDC-42A3-9474-1A3956D46DE8}") = "Solution Items", "Solution Items", "{16192039-C167-4D88-9ABB-FE4D56082CA5}"
	ProjectSection(SolutionItems) = preProject
		Ports.txt = Ports.txt
	EndProjectSection
EndProject
Project("{2150E333-8FDC-42A3-9474-1A3956D46DE8}") = "Shared", "Shared", "{AB8D138C-C0F4-462A-8410-798A6E68EFA3}"
EndProject
Project("{9A19103F-16F7-4668-BE54-9A1E7A4F7556}") = "SharedLib", "Shared\SharedLib\SharedLib.csproj", "{C6430F8A-CD14-4415-BB8F-229C24D7C7F1}"
EndProject
Global
	GlobalSection(SolutionConfigurationPlatforms) = preSolution
		Debug|Any CPU = Debug|Any CPU
		Release|Any CPU = Release|Any CPU
	EndGlobalSection
	GlobalSection(ProjectConfigurationPlatforms) = postSolution
		{654CB00C-034F-4A8A-8651-BE97358028EB}.Debug|Any CPU.ActiveCfg = Debug|Any CPU
		{654CB00C-034F-4A8A-8651-BE97358028EB}.Debug|Any CPU.Build.0 = Debug|Any CPU
		{654CB00C-034F-4A8A-8651-BE97358028EB}.Release|Any CPU.ActiveCfg = Release|Any CPU
		{654CB00C-034F-4A8A-8651-BE97358028EB}.Release|Any CPU.Build.0 = Release|Any CPU
		{C6430F8A-CD14-4415-BB8F-229C24D7C7F1}.Debug|Any CPU.ActiveCfg = Debug|Any CPU
		{C6430F8A-CD14-4415-BB8F-229C24D7C7F1}.Debug|Any CPU.Build.0 = Debug|Any CPU
		{C6430F8A-CD14-4415-BB8F-229C24D7C7F1}.Release|Any CPU.ActiveCfg = Release|Any CPU
		{C6430F8A-CD14-4415-BB8F-229C24D7C7F1}.Release|Any CPU.Build.0 = Release|Any CPU
	EndGlobalSection
	GlobalSection(SolutionProperties) = preSolution
		HideSolutionNode = FALSE
	EndGlobalSection
	GlobalSection(NestedProjects) = preSolution
		{1FDFB3ED-D38C-4908-859C-9A201BBA2B90} = {05A58CF0-1BD2-442C-B9F5-F9CA790662C6}
		{654CB00C-034F-4A8A-8651-BE97358028EB} = {1FDFB3ED-D38C-4908-859C-9A201BBA2B90}
		{C6430F8A-CD14-4415-BB8F-229C24D7C7F1} = {AB8D138C-C0F4-462A-8410-798A6E68EFA3}
	EndGlobalSection
	GlobalSection(ExtensibilityGlobals) = postSolution
		SolutionGuid = {40E3EC32-9EF7-4444-878A-39452727B1F4}
	EndGlobalSection
EndGlobal
